// !$*UTF8*$!
{
	archiveVersion = 1;
	classes = {
	};
	objectVersion = 46;
	objects = {

/* Begin PBXBuildFile section */
		BD2B0BA61CA4ED060009FF44 /* AppDelegate.swift in Sources */ = {isa = PBXBuildFile; fileRef = BD2B0BA51CA4ED060009FF44 /* AppDelegate.swift */; };
		BD2B0BAB1CA4ED060009FF44 /* Main.storyboard in Resources */ = {isa = PBXBuildFile; fileRef = BD2B0BA91CA4ED060009FF44 /* Main.storyboard */; };
		BD2B0BAD1CA4ED060009FF44 /* Assets.xcassets in Resources */ = {isa = PBXBuildFile; fileRef = BD2B0BAC1CA4ED060009FF44 /* Assets.xcassets */; };
		BD2B0BB01CA4ED060009FF44 /* LaunchScreen.storyboard in Resources */ = {isa = PBXBuildFile; fileRef = BD2B0BAE1CA4ED060009FF44 /* LaunchScreen.storyboard */; };
		BD2B0BB91CA505D20009FF44 /* Onimotoble.swift in Sources */ = {isa = PBXBuildFile; fileRef = BD2B0BB81CA505D20009FF44 /* Onimotoble.swift */; };
		BD2B0BBB1CA510840009FF44 /* ConimotionButton.swift in Sources */ = {isa = PBXBuildFile; fileRef = BD2B0BBA1CA510840009FF44 /* ConimotionButton.swift */; };
		BD2B0BBF1CA513920009FF44 /* ViewController.m in Sources */ = {isa = PBXBuildFile; fileRef = BD2B0BBE1CA513920009FF44 /* ViewController.m */; };
		BD2B0BC51CA514900009FF44 /* OnimotionType.swift in Sources */ = {isa = PBXBuildFile; fileRef = BD2B0BC41CA514900009FF44 /* OnimotionType.swift */; };
		BD2B0BCA1CA51F950009FF44 /* CALayerExtension.swift in Sources */ = {isa = PBXBuildFile; fileRef = BD2B0BC91CA51F950009FF44 /* CALayerExtension.swift */; };
/* End PBXBuildFile section */

/* Begin PBXFileReference section */
		BD2B0BA21CA4ED060009FF44 /* ConimotionKitDemo.app */ = {isa = PBXFileReference; explicitFileType = wrapper.application; includeInIndex = 0; path = ConimotionKitDemo.app; sourceTree = BUILT_PRODUCTS_DIR; };
		BD2B0BA51CA4ED060009FF44 /* AppDelegate.swift */ = {isa = PBXFileReference; lastKnownFileType = sourcecode.swift; path = AppDelegate.swift; sourceTree = "<group>"; };
		BD2B0BAA1CA4ED060009FF44 /* Base */ = {isa = PBXFileReference; lastKnownFileType = file.storyboard; name = Base; path = Base.lproj/Main.storyboard; sourceTree = "<group>"; };
		BD2B0BAC1CA4ED060009FF44 /* Assets.xcassets */ = {isa = PBXFileReference; lastKnownFileType = folder.assetcatalog; path = Assets.xcassets; sourceTree = "<group>"; };
		BD2B0BAF1CA4ED060009FF44 /* Base */ = {isa = PBXFileReference; lastKnownFileType = file.storyboard; name = Base; path = Base.lproj/LaunchScreen.storyboard; sourceTree = "<group>"; };
		BD2B0BB11CA4ED060009FF44 /* Info.plist */ = {isa = PBXFileReference; lastKnownFileType = text.plist.xml; path = Info.plist; sourceTree = "<group>"; };
		BD2B0BB81CA505D20009FF44 /* Onimotoble.swift */ = {isa = PBXFileReference; fileEncoding = 4; lastKnownFileType = sourcecode.swift; path = Onimotoble.swift; sourceTree = "<group>"; };
		BD2B0BBA1CA510840009FF44 /* ConimotionButton.swift */ = {isa = PBXFileReference; fileEncoding = 4; lastKnownFileType = sourcecode.swift; path = ConimotionButton.swift; sourceTree = "<group>"; };
		BD2B0BBC1CA513920009FF44 /* ConimotionKitDemo-Bridging-Header.h */ = {isa = PBXFileReference; lastKnownFileType = sourcecode.c.h; path = "ConimotionKitDemo-Bridging-Header.h"; sourceTree = "<group>"; };
		BD2B0BBD1CA513920009FF44 /* ViewController.h */ = {isa = PBXFileReference; fileEncoding = 4; lastKnownFileType = sourcecode.c.h; path = ViewController.h; sourceTree = "<group>"; };
		BD2B0BBE1CA513920009FF44 /* ViewController.m */ = {isa = PBXFileReference; fileEncoding = 4; lastKnownFileType = sourcecode.c.objc; path = ViewController.m; sourceTree = "<group>"; };
		BD2B0BC41CA514900009FF44 /* OnimotionType.swift */ = {isa = PBXFileReference; fileEncoding = 4; lastKnownFileType = sourcecode.swift; path = OnimotionType.swift; sourceTree = "<group>"; };
		BD2B0BC91CA51F950009FF44 /* CALayerExtension.swift */ = {isa = PBXFileReference; fileEncoding = 4; lastKnownFileType = sourcecode.swift; path = CALayerExtension.swift; sourceTree = "<group>"; };
/* End PBXFileReference section */

/* Begin PBXFrameworksBuildPhase section */
		BD2B0B9F1CA4ED060009FF44 /* Frameworks */ = {
			isa = PBXFrameworksBuildPhase;
			buildActionMask = 2147483647;
			files = (
			);
			runOnlyForDeploymentPostprocessing = 0;
		};
/* End PBXFrameworksBuildPhase section */

/* Begin PBXGroup section */
		BD2B0B991CA4ED060009FF44 = {
			isa = PBXGroup;
			children = (
				BD2B0BB71CA4ED1B0009FF44 /* ConimotionKit */,
				BD2B0BA41CA4ED060009FF44 /* ConimotionKitDemo */,
				BD2B0BA31CA4ED060009FF44 /* Products */,
			);
			sourceTree = "<group>";
		};
		BD2B0BA31CA4ED060009FF44 /* Products */ = {
			isa = PBXGroup;
			children = (
				BD2B0BA21CA4ED060009FF44 /* ConimotionKitDemo.app */,
			);
			name = Products;
			sourceTree = "<group>";
		};
		BD2B0BA41CA4ED060009FF44 /* ConimotionKitDemo */ = {
			isa = PBXGroup;
			children = (
				BD2B0BC01CA513A00009FF44 /* Controllers */,
				BD2B0BA51CA4ED060009FF44 /* AppDelegate.swift */,
				BD2B0BA91CA4ED060009FF44 /* Main.storyboard */,
				BD2B0BAC1CA4ED060009FF44 /* Assets.xcassets */,
				BD2B0BAE1CA4ED060009FF44 /* LaunchScreen.storyboard */,
				BD2B0BB11CA4ED060009FF44 /* Info.plist */,
				BD2B0BBC1CA513920009FF44 /* ConimotionKitDemo-Bridging-Header.h */,
			);
			path = ConimotionKitDemo;
			sourceTree = "<group>";
		};
		BD2B0BB71CA4ED1B0009FF44 /* ConimotionKit */ = {
			isa = PBXGroup;
			children = (
				BD2B0BC61CA51F3F0009FF44 /* Protocol */,
				BD2B0BC81CA51F5B0009FF44 /* Extension */,
				BD2B0BC71CA51F4D0009FF44 /* View */,
				BD2B0BC41CA514900009FF44 /* OnimotionType.swift */,
			);
			path = ConimotionKit;
			sourceTree = "<group>";
		};
		BD2B0BC01CA513A00009FF44 /* Controllers */ = {
			isa = PBXGroup;
			children = (
				BD2B0BBD1CA513920009FF44 /* ViewController.h */,
				BD2B0BBE1CA513920009FF44 /* ViewController.m */,
			);
			path = Controllers;
			sourceTree = "<group>";
		};
		BD2B0BC61CA51F3F0009FF44 /* Protocol */ = {
			isa = PBXGroup;
			children = (
				BD2B0BB81CA505D20009FF44 /* Onimotoble.swift */,
			);
			name = Protocol;
			sourceTree = "<group>";
		};
		BD2B0BC71CA51F4D0009FF44 /* View */ = {
			isa = PBXGroup;
			children = (
				BD2B0BBA1CA510840009FF44 /* ConimotionButton.swift */,
			);
			name = View;
			sourceTree = "<group>";
		};
		BD2B0BC81CA51F5B0009FF44 /* Extension */ = {
			isa = PBXGroup;
			children = (
				BD2B0BC91CA51F950009FF44 /* CALayerExtension.swift */,
			);
			name = Extension;
			sourceTree = "<group>";
		};
/* End PBXGroup section */

/* Begin PBXNativeTarget section */
		BD2B0BA11CA4ED060009FF44 /* ConimotionKitDemo */ = {
			isa = PBXNativeTarget;
			buildConfigurationList = BD2B0BB41CA4ED060009FF44 /* Build configuration list for PBXNativeTarget "ConimotionKitDemo" */;
			buildPhases = (
				BD2B0B9E1CA4ED060009FF44 /* Sources */,
				BD2B0B9F1CA4ED060009FF44 /* Frameworks */,
				BD2B0BA01CA4ED060009FF44 /* Resources */,
			);
			buildRules = (
			);
			dependencies = (
			);
			name = ConimotionKitDemo;
			productName = ConimotionKitDemo;
			productReference = BD2B0BA21CA4ED060009FF44 /* ConimotionKitDemo.app */;
			productType = "com.apple.product-type.application";
		};
/* End PBXNativeTarget section */

/* Begin PBXProject section */
		BD2B0B9A1CA4ED060009FF44 /* Project object */ = {
			isa = PBXProject;
			attributes = {
				LastSwiftUpdateCheck = 0730;
				LastUpgradeCheck = 0730;
				ORGANIZATIONNAME = Kassol;
				TargetAttributes = {
					BD2B0BA11CA4ED060009FF44 = {
						CreatedOnToolsVersion = 7.3;
					};
				};
			};
			buildConfigurationList = BD2B0B9D1CA4ED060009FF44 /* Build configuration list for PBXProject "ConimotionKitDemo" */;
			compatibilityVersion = "Xcode 3.2";
			developmentRegion = English;
			hasScannedForEncodings = 0;
			knownRegions = (
				en,
				Base,
			);
			mainGroup = BD2B0B991CA4ED060009FF44;
			productRefGroup = BD2B0BA31CA4ED060009FF44 /* Products */;
			projectDirPath = "";
			projectRoot = "";
			targets = (
				BD2B0BA11CA4ED060009FF44 /* ConimotionKitDemo */,
			);
		};
/* End PBXProject section */

/* Begin PBXResourcesBuildPhase section */
		BD2B0BA01CA4ED060009FF44 /* Resources */ = {
			isa = PBXResourcesBuildPhase;
			buildActionMask = 2147483647;
			files = (
				BD2B0BB01CA4ED060009FF44 /* LaunchScreen.storyboard in Resources */,
				BD2B0BAD1CA4ED060009FF44 /* Assets.xcassets in Resources */,
				BD2B0BAB1CA4ED060009FF44 /* Main.storyboard in Resources */,
			);
			runOnlyForDeploymentPostprocessing = 0;
		};
/* End PBXResourcesBuildPhase section */

/* Begin PBXSourcesBuildPhase section */
		BD2B0B9E1CA4ED060009FF44 /* Sources */ = {
			isa = PBXSourcesBuildPhase;
			buildActionMask = 2147483647;
			files = (
				BD2B0BC51CA514900009FF44 /* OnimotionType.swift in Sources */,
				BD2B0BCA1CA51F950009FF44 /* CALayerExtension.swift in Sources */,
				BD2B0BBB1CA510840009FF44 /* ConimotionButton.swift in Sources */,
				BD2B0BA61CA4ED060009FF44 /* AppDelegate.swift in Sources */,
				BD2B0BBF1CA513920009FF44 /* ViewController.m in Sources */,
				BD2B0BB91CA505D20009FF44 /* Onimotoble.swift in Sources */,
			);
			runOnlyForDeploymentPostprocessing = 0;
		};
/* End PBXSourcesBuildPhase section */

/* Begin PBXVariantGroup section */
		BD2B0BA91CA4ED060009FF44 /* Main.storyboard */ = {
			isa = PBXVariantGroup;
			children = (
				BD2B0BAA1CA4ED060009FF44 /* Base */,
			);
			name = Main.storyboard;
			sourceTree = "<group>";
		};
		BD2B0BAE1CA4ED060009FF44 /* LaunchScreen.storyboard */ = {
			isa = PBXVariantGroup;
			children = (
				BD2B0BAF1CA4ED060009FF44 /* Base */,
			);
			name = LaunchScreen.storyboard;
			sourceTree = "<group>";
		};
/* End PBXVariantGroup section */

/* Begin XCBuildConfiguration section */
		BD2B0BB21CA4ED060009FF44 /* Debug */ = {
			isa = XCBuildConfiguration;
			buildSettings = {
				ALWAYS_SEARCH_USER_PATHS = NO;
				CLANG_ANALYZER_NONNULL = YES;
				CLANG_CXX_LANGUAGE_STANDARD = "gnu++0x";
				CLANG_CXX_LIBRARY = "libc++";
				CLANG_ENABLE_MODULES = YES;
				CLANG_ENABLE_OBJC_ARC = YES;
				CLANG_WARN_BOOL_CONVERSION = YES;
				CLANG_WARN_CONSTANT_CONVERSION = YES;
				CLANG_WARN_DIRECT_OBJC_ISA_USAGE = YES_ERROR;
				CLANG_WARN_EMPTY_BODY = YES;
				CLANG_WARN_ENUM_CONVERSION = YES;
				CLANG_WARN_INT_CONVERSION = YES;
				CLANG_WARN_OBJC_ROOT_CLASS = YES_ERROR;
				CLANG_WARN_UNREACHABLE_CODE = YES;
				CLANG_WARN__DUPLICATE_METHOD_MATCH = YES;
				"CODE_SIGN_IDENTITY[sdk=iphoneos*]" = "iPhone Developer";
				COPY_PHASE_STRIP = NO;
				DEBUG_INFORMATION_FORMAT = dwarf;
				ENABLE_STRICT_OBJC_MSGSEND = YES;
				ENABLE_TESTABILITY = YES;
				GCC_C_LANGUAGE_STANDARD = gnu99;
				GCC_DYNAMIC_NO_PIC = NO;
				GCC_NO_COMMON_BLOCKS = YES;
				GCC_OPTIMIZATION_LEVEL = 0;
				GCC_PREPROCESSOR_DEFINITIONS = (
					"DEBUG=1",
					"$(inherited)",
				);
				GCC_WARN_64_TO_32_BIT_CONVERSION = YES;
				GCC_WARN_ABOUT_RETURN_TYPE = YES_ERROR;
				GCC_WARN_UNDECLARED_SELECTOR = YES;
				GCC_WARN_UNINITIALIZED_AUTOS = YES_AGGRESSIVE;
				GCC_WARN_UNUSED_FUNCTION = YES;
				GCC_WARN_UNUSED_VARIABLE = YES;
				IPHONEOS_DEPLOYMENT_TARGET = 9.3;
				MTL_ENABLE_DEBUG_INFO = YES;
				ONLY_ACTIVE_ARCH = YES;
				SDKROOT = iphoneos;
				SWIFT_OPTIMIZATION_LEVEL = "-Onone";
				TARGETED_DEVICE_FAMILY = "1,2";
			};
			name = Debug;
		};
		BD2B0BB31CA4ED060009FF44 /* Release */ = {
			isa = XCBuildConfiguration;
			buildSettings = {
				ALWAYS_SEARCH_USER_PATHS = NO;
				CLANG_ANALYZER_NONNULL = YES;
				CLANG_CXX_LANGUAGE_STANDARD = "gnu++0x";
				CLANG_CXX_LIBRARY = "libc++";
				CLANG_ENABLE_MODULES = YES;
				CLANG_ENABLE_OBJC_ARC = YES;
				CLANG_WARN_BOOL_CONVERSION = YES;
				CLANG_WARN_CONSTANT_CONVERSION = YES;
				CLANG_WARN_DIRECT_OBJC_ISA_USAGE = YES_ERROR;
				CLANG_WARN_EMPTY_BODY = YES;
				CLANG_WARN_ENUM_CONVERSION = YES;
				CLANG_WARN_INT_CONVERSION = YES;
				CLANG_WARN_OBJC_ROOT_CLASS = YES_ERROR;
				CLANG_WARN_UNREACHABLE_CODE = YES;
				CLANG_WARN__DUPLICATE_METHOD_MATCH = YES;
				"CODE_SIGN_IDENTITY[sdk=iphoneos*]" = "iPhone Developer";
				COPY_PHASE_STRIP = NO;
				DEBUG_INFORMATION_FORMAT = "dwarf-with-dsym";
				ENABLE_NS_ASSERTIONS = NO;
				ENABLE_STRICT_OBJC_MSGSEND = YES;
				GCC_C_LANGUAGE_STANDARD = gnu99;
				GCC_NO_COMMON_BLOCKS = YES;
				GCC_WARN_64_TO_32_BIT_CONVERSION = YES;
				GCC_WARN_ABOUT_RETURN_TYPE = YES_ERROR;
				GCC_WARN_UNDECLARED_SELECTOR = YES;
				GCC_WARN_UNINITIALIZED_AUTOS = YES_AGGRESSIVE;
				GCC_WARN_UNUSED_FUNCTION = YES;
				GCC_WARN_UNUSED_VARIABLE = YES;
				IPHONEOS_DEPLOYMENT_TARGET = 9.3;
				MTL_ENABLE_DEBUG_INFO = NO;
				SDKROOT = iphoneos;
				TARGETED_DEVICE_FAMILY = "1,2";
				VALIDATE_PRODUCT = YES;
			};
			name = Release;
		};
		BD2B0BB51CA4ED060009FF44 /* Debug */ = {
			isa = XCBuildConfiguration;
			buildSettings = {
				ASSETCATALOG_COMPILER_APPICON_NAME = AppIcon;
				CLANG_ENABLE_MODULES = YES;
				INFOPLIST_FILE = ConimotionKitDemo/Info.plist;
				IPHONEOS_DEPLOYMENT_TARGET = 8.0;
				LD_RUNPATH_SEARCH_PATHS = "$(inherited) @executable_path/Frameworks";
				PRODUCT_BUNDLE_IDENTIFIER = in.riverflows.ConimotionKitDemo;
				PRODUCT_NAME = "$(TARGET_NAME)";
				SWIFT_OBJC_BRIDGING_HEADER = "ConimotionKitDemo/ConimotionKitDemo-Bridging-Header.h";
				SWIFT_OPTIMIZATION_LEVEL = "-Onone";
			};
			name = Debug;
		};
		BD2B0BB61CA4ED060009FF44 /* Release */ = {
			isa = XCBuildConfiguration;
			buildSettings = {
				ASSETCATALOG_COMPILER_APPICON_NAME = AppIcon;
				CLANG_ENABLE_MODULES = YES;
				INFOPLIST_FILE = ConimotionKitDemo/Info.plist;
				IPHONEOS_DEPLOYMENT_TARGET = 8.0;
				LD_RUNPATH_SEARCH_PATHS = "$(inherited) @executable_path/Frameworks";
				PRODUCT_BUNDLE_IDENTIFIER = in.riverflows.ConimotionKitDemo;
				PRODUCT_NAME = "$(TARGET_NAME)";
				SWIFT_OBJC_BRIDGING_HEADER = "ConimotionKitDemo/ConimotionKitDemo-Bridging-Header.h";
			};
			name = Release;
		};
/* End XCBuildConfiguration section */

/* Begin XCConfigurationList section */
		BD2B0B9D1CA4ED060009FF44 /* Build configuration list for PBXProject "ConimotionKitDemo" */ = {
			isa = XCConfigurationList;
			buildConfigurations = (
				BD2B0BB21CA4ED060009FF44 /* Debug */,
				BD2B0BB31CA4ED060009FF44 /* Release */,
			);
			defaultConfigurationIsVisible = 0;
			defaultConfigurationName = Release;
		};
		BD2B0BB41CA4ED060009FF44 /* Build configuration list for PBXNativeTarget "ConimotionKitDemo" */ = {
			isa = XCConfigurationList;
			buildConfigurations = (
				BD2B0BB51CA4ED060009FF44 /* Debug */,
				BD2B0BB61CA4ED060009FF44 /* Release */,
			);
			defaultConfigurationIsVisible = 0;
		};
/* End XCConfigurationList section */
	};
	rootObject = BD2B0B9A1CA4ED060009FF44 /* Project object */;
}
